
Microsoft Visual Studio Solution File, Format Version 12.00
# Visual Studio Version 17
VisualStudioVersion = 17.10.35004.147
MinimumVisualStudioVersion = 10.0.40219.1
Project("{FAE04EC0-301F-11D3-BF4B-00C04F79EFBC}") = "schedule_Project", "schedule_Project.csproj", "{7E1F6B1A-FEE0-4719-B361-ED2CA0BD755E}"
EndProject
Global
	GlobalSection(SolutionConfigurationPlatforms) = preSolution
		Debug|Any CPU = Debug|Any CPU
		Release|Any CPU = Release|Any CPU
	EndGlobalSection
	GlobalSection(ProjectConfigurationPlatforms) = postSolution
		{7E1F6B1A-FEE0-4719-B361-ED2CA0BD755E}.Debug|Any CPU.ActiveCfg = Debug|Any CPU
		{7E1F6B1A-FEE0-4719-B361-ED2CA0BD755E}.Debug|Any CPU.Build.0 = Debug|Any CPU
		{7E1F6B1A-FEE0-4719-B361-ED2CA0BD755E}.Release|Any CPU.ActiveCfg = Release|Any CPU
		{7E1F6B1A-FEE0-4719-B361-ED2CA0BD755E}.Release|Any CPU.Build.0 = Release|Any CPU
	EndGlobalSection
	GlobalSection(SolutionProperties) = preSolution
		HideSolutionNode = FALSE
	EndGlobalSection
	GlobalSection(ExtensibilityGlobals) = postSolution
		SolutionGuid = {7CA09523-00B3-4716-868F-07CA4F85F9CF}
	EndGlobalSection
EndGlobal
